
Microsoft Visual Studio Solution File, Format Version 12.00
# Visual Studio 2012
Project("{FAE04EC0-301F-11D3-BF4B-00C04F79EFBC}") = "GitTest02", "GitTest02\GitTest02.csproj", "{AE4376D7-21EE-492C-9D81-91E8722DE0F8}"
EndProject
Global
	GlobalSection(SolutionConfigurationPlatforms) = preSolution
		Debug|Any CPU = Debug|Any CPU
		Release|Any CPU = Release|Any CPU
	EndGlobalSection
	GlobalSection(ProjectConfigurationPlatforms) = postSolution
		{AE4376D7-21EE-492C-9D81-91E8722DE0F8}.Debug|Any CPU.ActiveCfg = Debug|Any CPU
		{AE4376D7-21EE-492C-9D81-91E8722DE0F8}.Debug|Any CPU.Build.0 = Debug|Any CPU
		{AE4376D7-21EE-492C-9D81-91E8722DE0F8}.Release|Any CPU.ActiveCfg = Release|Any CPU
		{AE4376D7-21EE-492C-9D81-91E8722DE0F8}.Release|Any CPU.Build.0 = Release|Any CPU
	EndGlobalSection
	GlobalSection(SolutionProperties) = preSolution
		HideSolutionNode = FALSE
	EndGlobalSection
EndGlobal
